
Microsoft Visual Studio Solution File, Format Version 12.00
# Visual Studio Version 16
VisualStudioVersion = 16.0.28803.202
MinimumVisualStudioVersion = 10.0.40219.1
Project("{FAE04EC0-301F-11D3-BF4B-00C04F79EFBC}") = "PaymentPlanCalculator", "PaymentPlanCalculator\PaymentPlanCalculator.csproj", "{80768611-289F-4698-96F0-02EAADA91D32}"
EndProject
Global
	GlobalSection(SolutionConfigurationPlatforms) = preSolution
		Debug|Any CPU = Debug|Any CPU
		Release|Any CPU = Release|Any CPU
		Description = Debt Collection Negotiation Calculator Accessory
	EndGlobalSection
	GlobalSection(ProjectConfigurationPlatforms) = postSolution
		{80768611-289F-4698-96F0-02EAADA91D32}.Debug|Any CPU.ActiveCfg = Debug|Any CPU
		{80768611-289F-4698-96F0-02EAADA91D32}.Debug|Any CPU.Build.0 = Debug|Any CPU
		{80768611-289F-4698-96F0-02EAADA91D32}.Release|Any CPU.ActiveCfg = Release|Any CPU
		{80768611-289F-4698-96F0-02EAADA91D32}.Release|Any CPU.Build.0 = Release|Any CPU
	EndGlobalSection
	GlobalSection(SolutionProperties) = preSolution
		HideSolutionNode = FALSE
	EndGlobalSection
	GlobalSection(ExtensibilityGlobals) = postSolution
		SolutionGuid = {22DEA87E-CC8E-416E-80E2-C352DD408B3F}
	EndGlobalSection
EndGlobal
